
Microsoft Visual Studio Solution File, Format Version 12.00
# Visual Studio Version 16
VisualStudioVersion = 16.0.31410.357
MinimumVisualStudioVersion = 10.0.40219.1
Project("{2150E333-8FDC-42A3-9474-1A3956D46DE8}") = "Services", "Services", "{9C6B3FFB-050A-47E7-816A-2B0603654103}"
EndProject
Project("{2150E333-8FDC-42A3-9474-1A3956D46DE8}") = "Catalog", "Catalog", "{FC93FF37-9813-43B2-9E15-9C003F082662}"
EndProject
Project("{9A19103F-16F7-4668-BE54-9A1E7A4F7556}") = "Catalog.API", "Services\Catalog\Catalog.API\Catalog.API.csproj", "{3807E21D-F5DE-4187-BC97-64813E5947E2}"
EndProject
Project("{E53339B2-1760-4266-BCC7-CA923CBCF16C}") = "docker-compose", "docker-compose.dcproj", "{7409A8CF-2E9A-4AF2-8597-B408E73431E2}"
EndProject
Project("{2150E333-8FDC-42A3-9474-1A3956D46DE8}") = "Basket", "Basket", "{E2833122-F502-4B57-9FBD-28BFFD4F008F}"
EndProject
Project("{9A19103F-16F7-4668-BE54-9A1E7A4F7556}") = "Basket.API", "Services\Basket\Basket.API\Basket.API.csproj", "{CE0957B4-ED33-4701-98CA-C5E1C8E2E98A}"
EndProject
Project("{2150E333-8FDC-42A3-9474-1A3956D46DE8}") = "Discount", "Discount", "{D71FB106-E77D-4C7B-BE66-B24CB94BB2F8}"
EndProject
Project("{9A19103F-16F7-4668-BE54-9A1E7A4F7556}") = "Discount.API", "Services\Discount\Discount.API\Discount.API.csproj", "{8DFBCCF8-4F8B-4129-9EBC-F1BDC4100E2D}"
EndProject
Project("{9A19103F-16F7-4668-BE54-9A1E7A4F7556}") = "Discount.Grpc", "Services\Discount\Discount.Grpc\Discount.Grpc.csproj", "{167A6025-5890-4C1A-81FB-A73B9831251E}"
EndProject
Project("{2150E333-8FDC-42A3-9474-1A3956D46DE8}") = "Order", "Order", "{B47CA96B-4322-4C4D-8D3F-6F4CA5A2169B}"
EndProject
Project("{FAE04EC0-301F-11D3-BF4B-00C04F79EFBC}") = "Order.API", "Services\Order\Order.API\Order.API.csproj", "{136264BE-8AA4-4722-A0AE-D3DEF58BF527}"
EndProject
Global
	GlobalSection(SolutionConfigurationPlatforms) = preSolution
		Debug|Any CPU = Debug|Any CPU
		Release|Any CPU = Release|Any CPU
	EndGlobalSection
	GlobalSection(ProjectConfigurationPlatforms) = postSolution
		{3807E21D-F5DE-4187-BC97-64813E5947E2}.Debug|Any CPU.ActiveCfg = Debug|Any CPU
		{3807E21D-F5DE-4187-BC97-64813E5947E2}.Debug|Any CPU.Build.0 = Debug|Any CPU
		{3807E21D-F5DE-4187-BC97-64813E5947E2}.Release|Any CPU.ActiveCfg = Release|Any CPU
		{3807E21D-F5DE-4187-BC97-64813E5947E2}.Release|Any CPU.Build.0 = Release|Any CPU
		{7409A8CF-2E9A-4AF2-8597-B408E73431E2}.Debug|Any CPU.ActiveCfg = Debug|Any CPU
		{7409A8CF-2E9A-4AF2-8597-B408E73431E2}.Debug|Any CPU.Build.0 = Debug|Any CPU
		{7409A8CF-2E9A-4AF2-8597-B408E73431E2}.Release|Any CPU.ActiveCfg = Release|Any CPU
		{7409A8CF-2E9A-4AF2-8597-B408E73431E2}.Release|Any CPU.Build.0 = Release|Any CPU
		{CE0957B4-ED33-4701-98CA-C5E1C8E2E98A}.Debug|Any CPU.ActiveCfg = Debug|Any CPU
		{CE0957B4-ED33-4701-98CA-C5E1C8E2E98A}.Debug|Any CPU.Build.0 = Debug|Any CPU
		{CE0957B4-ED33-4701-98CA-C5E1C8E2E98A}.Release|Any CPU.ActiveCfg = Release|Any CPU
		{CE0957B4-ED33-4701-98CA-C5E1C8E2E98A}.Release|Any CPU.Build.0 = Release|Any CPU
		{8DFBCCF8-4F8B-4129-9EBC-F1BDC4100E2D}.Debug|Any CPU.ActiveCfg = Debug|Any CPU
		{8DFBCCF8-4F8B-4129-9EBC-F1BDC4100E2D}.Debug|Any CPU.Build.0 = Debug|Any CPU
		{8DFBCCF8-4F8B-4129-9EBC-F1BDC4100E2D}.Release|Any CPU.ActiveCfg = Release|Any CPU
		{8DFBCCF8-4F8B-4129-9EBC-F1BDC4100E2D}.Release|Any CPU.Build.0 = Release|Any CPU
		{167A6025-5890-4C1A-81FB-A73B9831251E}.Debug|Any CPU.ActiveCfg = Debug|Any CPU
		{167A6025-5890-4C1A-81FB-A73B9831251E}.Debug|Any CPU.Build.0 = Debug|Any CPU
		{167A6025-5890-4C1A-81FB-A73B9831251E}.Release|Any CPU.ActiveCfg = Release|Any CPU
		{167A6025-5890-4C1A-81FB-A73B9831251E}.Release|Any CPU.Build.0 = Release|Any CPU
		{136264BE-8AA4-4722-A0AE-D3DEF58BF527}.Debug|Any CPU.ActiveCfg = Debug|Any CPU
		{136264BE-8AA4-4722-A0AE-D3DEF58BF527}.Debug|Any CPU.Build.0 = Debug|Any CPU
		{136264BE-8AA4-4722-A0AE-D3DEF58BF527}.Release|Any CPU.ActiveCfg = Release|Any CPU
		{136264BE-8AA4-4722-A0AE-D3DEF58BF527}.Release|Any CPU.Build.0 = Release|Any CPU
	EndGlobalSection
	GlobalSection(SolutionProperties) = preSolution
		HideSolutionNode = FALSE
	EndGlobalSection
	GlobalSection(NestedProjects) = preSolution
		{FC93FF37-9813-43B2-9E15-9C003F082662} = {9C6B3FFB-050A-47E7-816A-2B0603654103}
		{3807E21D-F5DE-4187-BC97-64813E5947E2} = {FC93FF37-9813-43B2-9E15-9C003F082662}
		{E2833122-F502-4B57-9FBD-28BFFD4F008F} = {9C6B3FFB-050A-47E7-816A-2B0603654103}
		{CE0957B4-ED33-4701-98CA-C5E1C8E2E98A} = {E2833122-F502-4B57-9FBD-28BFFD4F008F}
		{D71FB106-E77D-4C7B-BE66-B24CB94BB2F8} = {9C6B3FFB-050A-47E7-816A-2B0603654103}
		{8DFBCCF8-4F8B-4129-9EBC-F1BDC4100E2D} = {D71FB106-E77D-4C7B-BE66-B24CB94BB2F8}
		{167A6025-5890-4C1A-81FB-A73B9831251E} = {D71FB106-E77D-4C7B-BE66-B24CB94BB2F8}
		{B47CA96B-4322-4C4D-8D3F-6F4CA5A2169B} = {9C6B3FFB-050A-47E7-816A-2B0603654103}
		{136264BE-8AA4-4722-A0AE-D3DEF58BF527} = {B47CA96B-4322-4C4D-8D3F-6F4CA5A2169B}
	EndGlobalSection
	GlobalSection(ExtensibilityGlobals) = postSolution
		SolutionGuid = {8A276EE4-B9BB-4926-9A9E-43458F09CAC4}
	EndGlobalSection
EndGlobal
